// !$*UTF8*$!
{
	archiveVersion = 1;
	classes = {
	};
	objectVersion = 46;
	objects = {

/* Begin PBXBuildFile section */
		9301AB501DF6B0C000B7B8DA /* BinaryConvert.framework in Frameworks */ = {isa = PBXBuildFile; fileRef = 9301AB461DF6B0C000B7B8DA /* BinaryConvert.framework */; };
		9301AB551DF6B0C000B7B8DA /* BinaryConvertTests.swift in Sources */ = {isa = PBXBuildFile; fileRef = 9301AB541DF6B0C000B7B8DA /* BinaryConvertTests.swift */; };
		9301AB571DF6B0C000B7B8DA /* BinaryConvert.h in Headers */ = {isa = PBXBuildFile; fileRef = 9301AB491DF6B0C000B7B8DA /* BinaryConvert.h */; settings = {ATTRIBUTES = (Public, ); }; };
		9301AB611DF6B0FA00B7B8DA /* Operators.swift in Sources */ = {isa = PBXBuildFile; fileRef = 9301AB601DF6B0FA00B7B8DA /* Operators.swift */; };
		9301AB631DF6B15500B7B8DA /* TypeExtention.swift in Sources */ = {isa = PBXBuildFile; fileRef = 9301AB621DF6B15500B7B8DA /* TypeExtention.swift */; };
		9301AB651DF6B1B900B7B8DA /* BinaryConvert.swift in Sources */ = {isa = PBXBuildFile; fileRef = 9301AB641DF6B1B900B7B8DA /* BinaryConvert.swift */; };
		9301AB671DF6B22800B7B8DA /* Convertable.swift in Sources */ = {isa = PBXBuildFile; fileRef = 9301AB661DF6B22800B7B8DA /* Convertable.swift */; };
		9301AB691DF6B27400B7B8DA /* Map.swift in Sources */ = {isa = PBXBuildFile; fileRef = 9301AB681DF6B27400B7B8DA /* Map.swift */; };
/* End PBXBuildFile section */

/* Begin PBXContainerItemProxy section */
		9301AB511DF6B0C000B7B8DA /* PBXContainerItemProxy */ = {
			isa = PBXContainerItemProxy;
			containerPortal = 9301AB3D1DF6B0C000B7B8DA /* Project object */;
			proxyType = 1;
			remoteGlobalIDString = 9301AB451DF6B0C000B7B8DA;
			remoteInfo = BinaryConvert;
		};
/* End PBXContainerItemProxy section */

/* Begin PBXFileReference section */
		9301AB461DF6B0C000B7B8DA /* BinaryConvert.framework */ = {isa = PBXFileReference; explicitFileType = wrapper.framework; includeInIndex = 0; path = BinaryConvert.framework; sourceTree = BUILT_PRODUCTS_DIR; };
		9301AB491DF6B0C000B7B8DA /* BinaryConvert.h */ = {isa = PBXFileReference; lastKnownFileType = sourcecode.c.h; path = BinaryConvert.h; sourceTree = "<group>"; };
		9301AB4A1DF6B0C000B7B8DA /* Info.plist */ = {isa = PBXFileReference; lastKnownFileType = text.plist.xml; path = Info.plist; sourceTree = "<group>"; };
		9301AB4F1DF6B0C000B7B8DA /* BinaryConvertTests.xctest */ = {isa = PBXFileReference; explicitFileType = wrapper.cfbundle; includeInIndex = 0; path = BinaryConvertTests.xctest; sourceTree = BUILT_PRODUCTS_DIR; };
		9301AB541DF6B0C000B7B8DA /* BinaryConvertTests.swift */ = {isa = PBXFileReference; lastKnownFileType = sourcecode.swift; path = BinaryConvertTests.swift; sourceTree = "<group>"; };
		9301AB561DF6B0C000B7B8DA /* Info.plist */ = {isa = PBXFileReference; lastKnownFileType = text.plist.xml; path = Info.plist; sourceTree = "<group>"; };
		9301AB601DF6B0FA00B7B8DA /* Operators.swift */ = {isa = PBXFileReference; fileEncoding = 4; lastKnownFileType = sourcecode.swift; path = Operators.swift; sourceTree = "<group>"; };
		9301AB621DF6B15500B7B8DA /* TypeExtention.swift */ = {isa = PBXFileReference; fileEncoding = 4; lastKnownFileType = sourcecode.swift; path = TypeExtention.swift; sourceTree = "<group>"; };
		9301AB641DF6B1B900B7B8DA /* BinaryConvert.swift */ = {isa = PBXFileReference; fileEncoding = 4; lastKnownFileType = sourcecode.swift; path = BinaryConvert.swift; sourceTree = "<group>"; };
		9301AB661DF6B22800B7B8DA /* Convertable.swift */ = {isa = PBXFileReference; fileEncoding = 4; lastKnownFileType = sourcecode.swift; path = Convertable.swift; sourceTree = "<group>"; };
		9301AB681DF6B27400B7B8DA /* Map.swift */ = {isa = PBXFileReference; fileEncoding = 4; lastKnownFileType = sourcecode.swift; path = Map.swift; sourceTree = "<group>"; };
/* End PBXFileReference section */

/* Begin PBXFrameworksBuildPhase section */
		9301AB421DF6B0C000B7B8DA /* Frameworks */ = {
			isa = PBXFrameworksBuildPhase;
			buildActionMask = 2147483647;
			files = (
			);
			runOnlyForDeploymentPostprocessing = 0;
		};
		9301AB4C1DF6B0C000B7B8DA /* Frameworks */ = {
			isa = PBXFrameworksBuildPhase;
			buildActionMask = 2147483647;
			files = (
				9301AB501DF6B0C000B7B8DA /* BinaryConvert.framework in Frameworks */,
			);
			runOnlyForDeploymentPostprocessing = 0;
		};
/* End PBXFrameworksBuildPhase section */

/* Begin PBXGroup section */
		9301AB3C1DF6B0C000B7B8DA = {
			isa = PBXGroup;
			children = (
				9301AB481DF6B0C000B7B8DA /* BinaryConvert */,
				9301AB531DF6B0C000B7B8DA /* BinaryConvertTests */,
				9301AB471DF6B0C000B7B8DA /* Products */,
			);
			sourceTree = "<group>";
		};
		9301AB471DF6B0C000B7B8DA /* Products */ = {
			isa = PBXGroup;
			children = (
				9301AB461DF6B0C000B7B8DA /* BinaryConvert.framework */,
				9301AB4F1DF6B0C000B7B8DA /* BinaryConvertTests.xctest */,
			);
			name = Products;
			sourceTree = "<group>";
		};
		9301AB481DF6B0C000B7B8DA /* BinaryConvert */ = {
			isa = PBXGroup;
			children = (
				9301AB681DF6B27400B7B8DA /* Map.swift */,
				9301AB491DF6B0C000B7B8DA /* BinaryConvert.h */,
				9301AB4A1DF6B0C000B7B8DA /* Info.plist */,
				9301AB601DF6B0FA00B7B8DA /* Operators.swift */,
				9301AB621DF6B15500B7B8DA /* TypeExtention.swift */,
				9301AB641DF6B1B900B7B8DA /* BinaryConvert.swift */,
				9301AB661DF6B22800B7B8DA /* Convertable.swift */,
			);
			path = BinaryConvert;
			sourceTree = "<group>";
		};
		9301AB531DF6B0C000B7B8DA /* BinaryConvertTests */ = {
			isa = PBXGroup;
			children = (
				9301AB541DF6B0C000B7B8DA /* BinaryConvertTests.swift */,
				9301AB561DF6B0C000B7B8DA /* Info.plist */,
			);
			path = BinaryConvertTests;
			sourceTree = "<group>";
		};
/* End PBXGroup section */

/* Begin PBXHeadersBuildPhase section */
		9301AB431DF6B0C000B7B8DA /* Headers */ = {
			isa = PBXHeadersBuildPhase;
			buildActionMask = 2147483647;
			files = (
				9301AB571DF6B0C000B7B8DA /* BinaryConvert.h in Headers */,
			);
			runOnlyForDeploymentPostprocessing = 0;
		};
/* End PBXHeadersBuildPhase section */

/* Begin PBXNativeTarget section */
		9301AB451DF6B0C000B7B8DA /* BinaryConvert */ = {
			isa = PBXNativeTarget;
			buildConfigurationList = 9301AB5A1DF6B0C000B7B8DA /* Build configuration list for PBXNativeTarget "BinaryConvert" */;
			buildPhases = (
				9301AB411DF6B0C000B7B8DA /* Sources */,
				9301AB421DF6B0C000B7B8DA /* Frameworks */,
				9301AB431DF6B0C000B7B8DA /* Headers */,
				9301AB441DF6B0C000B7B8DA /* Resources */,
			);
			buildRules = (
			);
			dependencies = (
			);
			name = BinaryConvert;
			productName = BinaryConvert;
			productReference = 9301AB461DF6B0C000B7B8DA /* BinaryConvert.framework */;
			productType = "com.apple.product-type.framework";
		};
		9301AB4E1DF6B0C000B7B8DA /* BinaryConvertTests */ = {
			isa = PBXNativeTarget;
			buildConfigurationList = 9301AB5D1DF6B0C000B7B8DA /* Build configuration list for PBXNativeTarget "BinaryConvertTests" */;
			buildPhases = (
				9301AB4B1DF6B0C000B7B8DA /* Sources */,
				9301AB4C1DF6B0C000B7B8DA /* Frameworks */,
				9301AB4D1DF6B0C000B7B8DA /* Resources */,
			);
			buildRules = (
			);
			dependencies = (
				9301AB521DF6B0C000B7B8DA /* PBXTargetDependency */,
			);
			name = BinaryConvertTests;
			productName = BinaryConvertTests;
			productReference = 9301AB4F1DF6B0C000B7B8DA /* BinaryConvertTests.xctest */;
			productType = "com.apple.product-type.bundle.unit-test";
		};
/* End PBXNativeTarget section */

/* Begin PBXProject section */
		9301AB3D1DF6B0C000B7B8DA /* Project object */ = {
			isa = PBXProject;
			attributes = {
				LastSwiftUpdateCheck = 0800;
				LastUpgradeCheck = 0800;
				ORGANIZATIONNAME = huayan;
				TargetAttributes = {
					9301AB451DF6B0C000B7B8DA = {
						CreatedOnToolsVersion = 8.0;
						LastSwiftMigration = 0800;
						ProvisioningStyle = Automatic;
					};
					9301AB4E1DF6B0C000B7B8DA = {
						CreatedOnToolsVersion = 8.0;
						ProvisioningStyle = Automatic;
					};
				};
			};
			buildConfigurationList = 9301AB401DF6B0C000B7B8DA /* Build configuration list for PBXProject "BinaryConvert" */;
			compatibilityVersion = "Xcode 3.2";
			developmentRegion = English;
			hasScannedForEncodings = 0;
			knownRegions = (
				en,
			);
			mainGroup = 9301AB3C1DF6B0C000B7B8DA;
			productRefGroup = 9301AB471DF6B0C000B7B8DA /* Products */;
			projectDirPath = "";
			projectRoot = "";
			targets = (
				9301AB451DF6B0C000B7B8DA /* BinaryConvert */,
				9301AB4E1DF6B0C000B7B8DA /* BinaryConvertTests */,
			);
		};
/* End PBXProject section */

/* Begin PBXResourcesBuildPhase section */
		9301AB441DF6B0C000B7B8DA /* Resources */ = {
			isa = PBXResourcesBuildPhase;
			buildActionMask = 2147483647;
			files = (
			);
			runOnlyForDeploymentPostprocessing = 0;
		};
		9301AB4D1DF6B0C000B7B8DA /* Resources */ = {
			isa = PBXResourcesBuildPhase;
			buildActionMask = 2147483647;
			files = (
			);
			runOnlyForDeploymentPostprocessing = 0;
		};
/* End PBXResourcesBuildPhase section */

/* Begin PBXSourcesBuildPhase section */
		9301AB411DF6B0C000B7B8DA /* Sources */ = {
			isa = PBXSourcesBuildPhase;
			buildActionMask = 2147483647;
			files = (
				9301AB691DF6B27400B7B8DA /* Map.swift in Sources */,
				9301AB631DF6B15500B7B8DA /* TypeExtention.swift in Sources */,
				9301AB671DF6B22800B7B8DA /* Convertable.swift in Sources */,
				9301AB611DF6B0FA00B7B8DA /* Operators.swift in Sources */,
				9301AB651DF6B1B900B7B8DA /* BinaryConvert.swift in Sources */,
			);
			runOnlyForDeploymentPostprocessing = 0;
		};
		9301AB4B1DF6B0C000B7B8DA /* Sources */ = {
			isa = PBXSourcesBuildPhase;
			buildActionMask = 2147483647;
			files = (
				9301AB551DF6B0C000B7B8DA /* BinaryConvertTests.swift in Sources */,
			);
			runOnlyForDeploymentPostprocessing = 0;
		};
/* End PBXSourcesBuildPhase section */

/* Begin PBXTargetDependency section */
		9301AB521DF6B0C000B7B8DA /* PBXTargetDependency */ = {
			isa = PBXTargetDependency;
			target = 9301AB451DF6B0C000B7B8DA /* BinaryConvert */;
			targetProxy = 9301AB511DF6B0C000B7B8DA /* PBXContainerItemProxy */;
		};
/* End PBXTargetDependency section */

/* Begin XCBuildConfiguration section */
		9301AB581DF6B0C000B7B8DA /* Debug */ = {
			isa = XCBuildConfiguration;
			buildSettings = {
				ALWAYS_SEARCH_USER_PATHS = NO;
				CLANG_ANALYZER_NONNULL = YES;
				CLANG_CXX_LANGUAGE_STANDARD = "gnu++0x";
				CLANG_CXX_LIBRARY = "libc++";
				CLANG_ENABLE_MODULES = YES;
				CLANG_ENABLE_OBJC_ARC = YES;
				CLANG_WARN_BOOL_CONVERSION = YES;
				CLANG_WARN_CONSTANT_CONVERSION = YES;
				CLANG_WARN_DIRECT_OBJC_ISA_USAGE = YES_ERROR;
				CLANG_WARN_DOCUMENTATION_COMMENTS = YES;
				CLANG_WARN_EMPTY_BODY = YES;
				CLANG_WARN_ENUM_CONVERSION = YES;
				CLANG_WARN_INFINITE_RECURSION = YES;
				CLANG_WARN_INT_CONVERSION = YES;
				CLANG_WARN_OBJC_ROOT_CLASS = YES_ERROR;
				CLANG_WARN_SUSPICIOUS_MOVES = YES;
				CLANG_WARN_UNREACHABLE_CODE = YES;
				CLANG_WARN__DUPLICATE_METHOD_MATCH = YES;
				"CODE_SIGN_IDENTITY[sdk=iphoneos*]" = "iPhone Developer";
				COPY_PHASE_STRIP = NO;
				CURRENT_PROJECT_VERSION = 1;
				DEBUG_INFORMATION_FORMAT = dwarf;
				ENABLE_STRICT_OBJC_MSGSEND = YES;
				ENABLE_TESTABILITY = YES;
				GCC_C_LANGUAGE_STANDARD = gnu99;
				GCC_DYNAMIC_NO_PIC = NO;
				GCC_NO_COMMON_BLOCKS = YES;
				GCC_OPTIMIZATION_LEVEL = 0;
				GCC_PREPROCESSOR_DEFINITIONS = (
					"DEBUG=1",
					"$(inherited)",
				);
				GCC_WARN_64_TO_32_BIT_CONVERSION = YES;
				GCC_WARN_ABOUT_RETURN_TYPE = YES_ERROR;
				GCC_WARN_UNDECLARED_SELECTOR = YES;
				GCC_WARN_UNINITIALIZED_AUTOS = YES_AGGRESSIVE;
				GCC_WARN_UNUSED_FUNCTION = YES;
				GCC_WARN_UNUSED_VARIABLE = YES;
				IPHONEOS_DEPLOYMENT_TARGET = 10.0;
				MTL_ENABLE_DEBUG_INFO = YES;
				ONLY_ACTIVE_ARCH = YES;
				SDKROOT = iphoneos;
				SWIFT_ACTIVE_COMPILATION_CONDITIONS = DEBUG;
				SWIFT_OPTIMIZATION_LEVEL = "-Onone";
				TARGETED_DEVICE_FAMILY = "1,2";
				VERSIONING_SYSTEM = "apple-generic";
				VERSION_INFO_PREFIX = "";
			};
			name = Debug;
		};
		9301AB591DF6B0C000B7B8DA /* Release */ = {
			isa = XCBuildConfiguration;
			buildSettings = {
				ALWAYS_SEARCH_USER_PATHS = NO;
				CLANG_ANALYZER_NONNULL = YES;
				CLANG_CXX_LANGUAGE_STANDARD = "gnu++0x";
				CLANG_CXX_LIBRARY = "libc++";
				CLANG_ENABLE_MODULES = YES;
				CLANG_ENABLE_OBJC_ARC = YES;
				CLANG_WARN_BOOL_CONVERSION = YES;
				CLANG_WARN_CONSTANT_CONVERSION = YES;
				CLANG_WARN_DIRECT_OBJC_ISA_USAGE = YES_ERROR;
				CLANG_WARN_DOCUMENTATION_COMMENTS = YES;
				CLANG_WARN_EMPTY_BODY = YES;
				CLANG_WARN_ENUM_CONVERSION = YES;
				CLANG_WARN_INFINITE_RECURSION = YES;
				CLANG_WARN_INT_CONVERSION = YES;
				CLANG_WARN_OBJC_ROOT_CLASS = YES_ERROR;
				CLANG_WARN_SUSPICIOUS_MOVES = YES;
				CLANG_WARN_UNREACHABLE_CODE = YES;
				CLANG_WARN__DUPLICATE_METHOD_MATCH = YES;
				"CODE_SIGN_IDENTITY[sdk=iphoneos*]" = "iPhone Developer";
				COPY_PHASE_STRIP = NO;
				CURRENT_PROJECT_VERSION = 1;
				DEBUG_INFORMATION_FORMAT = "dwarf-with-dsym";
				ENABLE_NS_ASSERTIONS = NO;
				ENABLE_STRICT_OBJC_MSGSEND = YES;
				GCC_C_LANGUAGE_STANDARD = gnu99;
				GCC_NO_COMMON_BLOCKS = YES;
				GCC_WARN_64_TO_32_BIT_CONVERSION = YES;
				GCC_WARN_ABOUT_RETURN_TYPE = YES_ERROR;
				GCC_WARN_UNDECLARED_SELECTOR = YES;
				GCC_WARN_UNINITIALIZED_AUTOS = YES_AGGRESSIVE;
				GCC_WARN_UNUSED_FUNCTION = YES;
				GCC_WARN_UNUSED_VARIABLE = YES;
				IPHONEOS_DEPLOYMENT_TARGET = 10.0;
				MTL_ENABLE_DEBUG_INFO = NO;
				SDKROOT = iphoneos;
				SWIFT_OPTIMIZATION_LEVEL = "-Owholemodule";
				TARGETED_DEVICE_FAMILY = "1,2";
				VALIDATE_PRODUCT = YES;
				VERSIONING_SYSTEM = "apple-generic";
				VERSION_INFO_PREFIX = "";
			};
			name = Release;
		};
		9301AB5B1DF6B0C000B7B8DA /* Debug */ = {
			isa = XCBuildConfiguration;
			buildSettings = {
				CLANG_ENABLE_MODULES = YES;
				CODE_SIGN_IDENTITY = "";
				DEFINES_MODULE = YES;
				DYLIB_COMPATIBILITY_VERSION = 1;
				DYLIB_CURRENT_VERSION = 1;
				DYLIB_INSTALL_NAME_BASE = "@rpath";
				INFOPLIST_FILE = BinaryConvert/Info.plist;
				INSTALL_PATH = "$(LOCAL_LIBRARY_DIR)/Frameworks";
				LD_RUNPATH_SEARCH_PATHS = "$(inherited) @executable_path/Frameworks @loader_path/Frameworks";
				PRODUCT_BUNDLE_IDENTIFIER = com.huayan.BinaryConvert;
				PRODUCT_NAME = "$(TARGET_NAME)";
				SKIP_INSTALL = YES;
				SWIFT_OPTIMIZATION_LEVEL = "-Onone";
				SWIFT_VERSION = 3.0;
			};
			name = Debug;
		};
		9301AB5C1DF6B0C000B7B8DA /* Release */ = {
			isa = XCBuildConfiguration;
			buildSettings = {
				CLANG_ENABLE_MODULES = YES;
				CODE_SIGN_IDENTITY = "";
				DEFINES_MODULE = YES;
				DYLIB_COMPATIBILITY_VERSION = 1;
				DYLIB_CURRENT_VERSION = 1;
				DYLIB_INSTALL_NAME_BASE = "@rpath";
				INFOPLIST_FILE = BinaryConvert/Info.plist;
				INSTALL_PATH = "$(LOCAL_LIBRARY_DIR)/Frameworks";
				LD_RUNPATH_SEARCH_PATHS = "$(inherited) @executable_path/Frameworks @loader_path/Frameworks";
				PRODUCT_BUNDLE_IDENTIFIER = com.huayan.BinaryConvert;
				PRODUCT_NAME = "$(TARGET_NAME)";
				SKIP_INSTALL = YES;
				SWIFT_VERSION = 3.0;
			};
			name = Release;
		};
		9301AB5E1DF6B0C000B7B8DA /* Debug */ = {
			isa = XCBuildConfiguration;
			buildSettings = {
				ALWAYS_EMBED_SWIFT_STANDARD_LIBRARIES = YES;
				INFOPLIST_FILE = BinaryConvertTests/Info.plist;
				LD_RUNPATH_SEARCH_PATHS = "$(inherited) @executable_path/Frameworks @loader_path/Frameworks";
				PRODUCT_BUNDLE_IDENTIFIER = com.huayan.BinaryConvertTests;
				PRODUCT_NAME = "$(TARGET_NAME)";
				SWIFT_VERSION = 3.0;
			};
			name = Debug;
		};
		9301AB5F1DF6B0C000B7B8DA /* Release */ = {
			isa = XCBuildConfiguration;
			buildSettings = {
				ALWAYS_EMBED_SWIFT_STANDARD_LIBRARIES = YES;
				INFOPLIST_FILE = BinaryConvertTests/Info.plist;
				LD_RUNPATH_SEARCH_PATHS = "$(inherited) @executable_path/Frameworks @loader_path/Frameworks";
				PRODUCT_BUNDLE_IDENTIFIER = com.huayan.BinaryConvertTests;
				PRODUCT_NAME = "$(TARGET_NAME)";
				SWIFT_VERSION = 3.0;
			};
			name = Release;
		};
/* End XCBuildConfiguration section */

/* Begin XCConfigurationList section */
		9301AB401DF6B0C000B7B8DA /* Build configuration list for PBXProject "BinaryConvert" */ = {
			isa = XCConfigurationList;
			buildConfigurations = (
				9301AB581DF6B0C000B7B8DA /* Debug */,
				9301AB591DF6B0C000B7B8DA /* Release */,
			);
			defaultConfigurationIsVisible = 0;
			defaultConfigurationName = Release;
		};
		9301AB5A1DF6B0C000B7B8DA /* Build configuration list for PBXNativeTarget "BinaryConvert" */ = {
			isa = XCConfigurationList;
			buildConfigurations = (
				9301AB5B1DF6B0C000B7B8DA /* Debug */,
				9301AB5C1DF6B0C000B7B8DA /* Release */,
			);
			defaultConfigurationIsVisible = 0;
		};
		9301AB5D1DF6B0C000B7B8DA /* Build configuration list for PBXNativeTarget "BinaryConvertTests" */ = {
			isa = XCConfigurationList;
			buildConfigurations = (
				9301AB5E1DF6B0C000B7B8DA /* Debug */,
				9301AB5F1DF6B0C000B7B8DA /* Release */,
			);
			defaultConfigurationIsVisible = 0;
		};
/* End XCConfigurationList section */
	};
	rootObject = 9301AB3D1DF6B0C000B7B8DA /* Project object */;
}
